
Microsoft Visual Studio Solution File, Format Version 12.00
# Visual Studio Version 16
VisualStudioVersion = 16.0.29613.14
MinimumVisualStudioVersion = 10.0.40219.1
Project("{9A19103F-16F7-4668-BE54-9A1E7A4F7556}") = "JJ.UserTechTest.Models", "JJ.UserTechTest.Models\JJ.UserTechTest.Models.csproj", "{A7C5712F-5DB1-4961-8B8F-5DD73DDA6F7A}"
EndProject
Project("{9A19103F-16F7-4668-BE54-9A1E7A4F7556}") = "JJ.UserTechTest.Persistence.InMemory", "JJ.UserTechTest.Persistence.Memory\JJ.UserTechTest.Persistence.InMemory.csproj", "{FC4CE2AA-2267-4539-BDA0-25636C2A2BF5}"
EndProject
Project("{9A19103F-16F7-4668-BE54-9A1E7A4F7556}") = "JJ.UserTechTest.Persistence.Base", "JJ.UserTechTest.Persistence.Base\JJ.UserTechTest.Persistence.Base.csproj", "{50392C3E-A999-4625-8BBF-CAC502E27471}"
EndProject
Project("{9A19103F-16F7-4668-BE54-9A1E7A4F7556}") = "JJ.Common", "JJ.Common\JJ.Common.csproj", "{67E740F0-CF71-4105-92DB-EC64C847F6D3}"
EndProject
Project("{9A19103F-16F7-4668-BE54-9A1E7A4F7556}") = "JJ.UserTechTest.Api", "JJ.UserTechTest.Api\JJ.UserTechTest.Api.csproj", "{1CE38AB2-8304-4EF2-B3C7-BCEE9BDE50B6}"
EndProject
Project("{9A19103F-16F7-4668-BE54-9A1E7A4F7556}") = "JJ.UserTechTest.Tests", "JJ.UserTechTest.Tests\JJ.UserTechTest.Tests.csproj", "{90993683-0DAE-4ABD-A43B-FF04815BBC12}"
EndProject
Project("{2150E333-8FDC-42A3-9474-1A3956D46DE8}") = "Api", "Api", "{C482275A-47D9-4FB3-8D8A-FE7E7B77EF9E}"
EndProject
Project("{2150E333-8FDC-42A3-9474-1A3956D46DE8}") = "Common", "Common", "{D0D8E8CC-6C4F-4482-8E1B-A59198051AAF}"
EndProject
Project("{2150E333-8FDC-42A3-9474-1A3956D46DE8}") = "Testing", "Testing", "{7DD56F17-6C88-4C3F-805E-D5B597CFFBE9}"
EndProject
Project("{2150E333-8FDC-42A3-9474-1A3956D46DE8}") = "Domain", "Domain", "{F72F9532-DFCF-4187-A56C-BE7EC1ABBC0E}"
EndProject
Project("{FAE04EC0-301F-11D3-BF4B-00C04F79EFBC}") = "JJ.UserTechTest.IntegrationTests", "JJ.UserTechTest.IntegrationTests\JJ.UserTechTest.IntegrationTests.csproj", "{FDE07A9B-7DFE-44CC-926C-1C5662CB5F6A}"
EndProject
Project("{FAE04EC0-301F-11D3-BF4B-00C04F79EFBC}") = "JJ.UserTechTest.Bus", "JJ.UserTechTest.Bus\JJ.UserTechTest.Bus.csproj", "{F745C92B-CC95-4D52-978D-A4449922082E}"
EndProject
Global
	GlobalSection(SolutionConfigurationPlatforms) = preSolution
		Debug|Any CPU = Debug|Any CPU
		Release|Any CPU = Release|Any CPU
	EndGlobalSection
	GlobalSection(ProjectConfigurationPlatforms) = postSolution
		{A7C5712F-5DB1-4961-8B8F-5DD73DDA6F7A}.Debug|Any CPU.ActiveCfg = Debug|Any CPU
		{A7C5712F-5DB1-4961-8B8F-5DD73DDA6F7A}.Debug|Any CPU.Build.0 = Debug|Any CPU
		{A7C5712F-5DB1-4961-8B8F-5DD73DDA6F7A}.Release|Any CPU.ActiveCfg = Release|Any CPU
		{A7C5712F-5DB1-4961-8B8F-5DD73DDA6F7A}.Release|Any CPU.Build.0 = Release|Any CPU
		{FC4CE2AA-2267-4539-BDA0-25636C2A2BF5}.Debug|Any CPU.ActiveCfg = Debug|Any CPU
		{FC4CE2AA-2267-4539-BDA0-25636C2A2BF5}.Debug|Any CPU.Build.0 = Debug|Any CPU
		{FC4CE2AA-2267-4539-BDA0-25636C2A2BF5}.Release|Any CPU.ActiveCfg = Release|Any CPU
		{FC4CE2AA-2267-4539-BDA0-25636C2A2BF5}.Release|Any CPU.Build.0 = Release|Any CPU
		{50392C3E-A999-4625-8BBF-CAC502E27471}.Debug|Any CPU.ActiveCfg = Debug|Any CPU
		{50392C3E-A999-4625-8BBF-CAC502E27471}.Debug|Any CPU.Build.0 = Debug|Any CPU
		{50392C3E-A999-4625-8BBF-CAC502E27471}.Release|Any CPU.ActiveCfg = Release|Any CPU
		{50392C3E-A999-4625-8BBF-CAC502E27471}.Release|Any CPU.Build.0 = Release|Any CPU
		{67E740F0-CF71-4105-92DB-EC64C847F6D3}.Debug|Any CPU.ActiveCfg = Debug|Any CPU
		{67E740F0-CF71-4105-92DB-EC64C847F6D3}.Debug|Any CPU.Build.0 = Debug|Any CPU
		{67E740F0-CF71-4105-92DB-EC64C847F6D3}.Release|Any CPU.ActiveCfg = Release|Any CPU
		{67E740F0-CF71-4105-92DB-EC64C847F6D3}.Release|Any CPU.Build.0 = Release|Any CPU
		{1CE38AB2-8304-4EF2-B3C7-BCEE9BDE50B6}.Debug|Any CPU.ActiveCfg = Debug|Any CPU
		{1CE38AB2-8304-4EF2-B3C7-BCEE9BDE50B6}.Debug|Any CPU.Build.0 = Debug|Any CPU
		{1CE38AB2-8304-4EF2-B3C7-BCEE9BDE50B6}.Release|Any CPU.ActiveCfg = Release|Any CPU
		{1CE38AB2-8304-4EF2-B3C7-BCEE9BDE50B6}.Release|Any CPU.Build.0 = Release|Any CPU
		{90993683-0DAE-4ABD-A43B-FF04815BBC12}.Debug|Any CPU.ActiveCfg = Debug|Any CPU
		{90993683-0DAE-4ABD-A43B-FF04815BBC12}.Debug|Any CPU.Build.0 = Debug|Any CPU
		{90993683-0DAE-4ABD-A43B-FF04815BBC12}.Release|Any CPU.ActiveCfg = Release|Any CPU
		{90993683-0DAE-4ABD-A43B-FF04815BBC12}.Release|Any CPU.Build.0 = Release|Any CPU
		{FDE07A9B-7DFE-44CC-926C-1C5662CB5F6A}.Debug|Any CPU.ActiveCfg = Debug|Any CPU
		{FDE07A9B-7DFE-44CC-926C-1C5662CB5F6A}.Debug|Any CPU.Build.0 = Debug|Any CPU
		{FDE07A9B-7DFE-44CC-926C-1C5662CB5F6A}.Release|Any CPU.ActiveCfg = Release|Any CPU
		{FDE07A9B-7DFE-44CC-926C-1C5662CB5F6A}.Release|Any CPU.Build.0 = Release|Any CPU
		{F745C92B-CC95-4D52-978D-A4449922082E}.Debug|Any CPU.ActiveCfg = Debug|Any CPU
		{F745C92B-CC95-4D52-978D-A4449922082E}.Debug|Any CPU.Build.0 = Debug|Any CPU
		{F745C92B-CC95-4D52-978D-A4449922082E}.Release|Any CPU.ActiveCfg = Release|Any CPU
		{F745C92B-CC95-4D52-978D-A4449922082E}.Release|Any CPU.Build.0 = Release|Any CPU
	EndGlobalSection
	GlobalSection(SolutionProperties) = preSolution
		HideSolutionNode = FALSE
	EndGlobalSection
	GlobalSection(NestedProjects) = preSolution
		{A7C5712F-5DB1-4961-8B8F-5DD73DDA6F7A} = {F72F9532-DFCF-4187-A56C-BE7EC1ABBC0E}
		{FC4CE2AA-2267-4539-BDA0-25636C2A2BF5} = {F72F9532-DFCF-4187-A56C-BE7EC1ABBC0E}
		{50392C3E-A999-4625-8BBF-CAC502E27471} = {F72F9532-DFCF-4187-A56C-BE7EC1ABBC0E}
		{67E740F0-CF71-4105-92DB-EC64C847F6D3} = {D0D8E8CC-6C4F-4482-8E1B-A59198051AAF}
		{1CE38AB2-8304-4EF2-B3C7-BCEE9BDE50B6} = {C482275A-47D9-4FB3-8D8A-FE7E7B77EF9E}
		{90993683-0DAE-4ABD-A43B-FF04815BBC12} = {7DD56F17-6C88-4C3F-805E-D5B597CFFBE9}
		{FDE07A9B-7DFE-44CC-926C-1C5662CB5F6A} = {7DD56F17-6C88-4C3F-805E-D5B597CFFBE9}
		{F745C92B-CC95-4D52-978D-A4449922082E} = {F72F9532-DFCF-4187-A56C-BE7EC1ABBC0E}
	EndGlobalSection
	GlobalSection(ExtensibilityGlobals) = postSolution
		SolutionGuid = {01F5218A-B4E1-4EA6-A6EF-890BF08EE5FD}
	EndGlobalSection
EndGlobal
